
Microsoft Visual Studio Solution File, Format Version 12.00
# Visual Studio Version 17
VisualStudioVersion = 17.12.35707.178 d17.12
MinimumVisualStudioVersion = 10.0.40219.1
Project("{FAE04EC0-301F-11D3-BF4B-00C04F79EFBC}") = "TMPP_CRM", "TMPP_CRM.csproj", "{4DC1BFFE-DBD7-426F-AF74-CA4DBDA7E939}"
EndProject
Project("{FAE04EC0-301F-11D3-BF4B-00C04F79EFBC}") = "TMPP_CRM.Tests", "..\TMPP_CRM.Tests\TMPP_CRM.Tests.csproj", "{996CDC09-26D6-45DD-90A7-C641AA6609E2}"
EndProject
Global
	GlobalSection(SolutionConfigurationPlatforms) = preSolution
		Debug|Any CPU = Debug|Any CPU
		Release|Any CPU = Release|Any CPU
	EndGlobalSection
	GlobalSection(ProjectConfigurationPlatforms) = postSolution
		{4DC1BFFE-DBD7-426F-AF74-CA4DBDA7E939}.Debug|Any CPU.ActiveCfg = Debug|Any CPU
		{4DC1BFFE-DBD7-426F-AF74-CA4DBDA7E939}.Debug|Any CPU.Build.0 = Debug|Any CPU
		{4DC1BFFE-DBD7-426F-AF74-CA4DBDA7E939}.Release|Any CPU.ActiveCfg = Release|Any CPU
		{4DC1BFFE-DBD7-426F-AF74-CA4DBDA7E939}.Release|Any CPU.Build.0 = Release|Any CPU
		{996CDC09-26D6-45DD-90A7-C641AA6609E2}.Debug|Any CPU.ActiveCfg = Debug|Any CPU
		{996CDC09-26D6-45DD-90A7-C641AA6609E2}.Debug|Any CPU.Build.0 = Debug|Any CPU
		{996CDC09-26D6-45DD-90A7-C641AA6609E2}.Release|Any CPU.ActiveCfg = Release|Any CPU
		{996CDC09-26D6-45DD-90A7-C641AA6609E2}.Release|Any CPU.Build.0 = Release|Any CPU
	EndGlobalSection
	GlobalSection(SolutionProperties) = preSolution
		HideSolutionNode = FALSE
	EndGlobalSection
EndGlobal
